
Microsoft Visual Studio Solution File, Format Version 12.00
# Visual Studio 15
VisualStudioVersion = 15.0.28307.102
MinimumVisualStudioVersion = 10.0.40219.1
Project("{9A19103F-16F7-4668-BE54-9A1E7A4F7556}") = "MvcClient", "MvcClient\MvcClient.csproj", "{88417B92-C146-4DD4-8B9E-DDA08297A2A5}"
EndProject
Project("{9A19103F-16F7-4668-BE54-9A1E7A4F7556}") = "OrderAPI", "OrderAPI\OrderAPI.csproj", "{9B25FBE7-3578-45E7-8CDD-9791DEBF0920}"
EndProject
Project("{9A19103F-16F7-4668-BE54-9A1E7A4F7556}") = "FH.Dapper", "FH.Dapper\FH.Dapper.csproj", "{24C79F5C-1CB5-4AB2-A0C1-5A3000FD37D7}"
EndProject
Project("{9A19103F-16F7-4668-BE54-9A1E7A4F7556}") = "FH.Swagger", "FH.Swagger\FH.Swagger.csproj", "{5FFD859C-8CFA-4EC6-A756-437CC222FB1C}"
EndProject
Project("{9A19103F-16F7-4668-BE54-9A1E7A4F7556}") = "FH.Core", "FH.Core\FH.Core.csproj", "{7DB0B617-F428-4568-AB15-4AAE10A3853A}"
EndProject
Project("{9A19103F-16F7-4668-BE54-9A1E7A4F7556}") = "FH.Dapper.Test", "FH.Dapper.Test\FH.Dapper.Test.csproj", "{0CF374BE-D8D5-42C3-AC40-808C88C0CE51}"
EndProject
Global
	GlobalSection(SolutionConfigurationPlatforms) = preSolution
		Debug|Any CPU = Debug|Any CPU
		Release|Any CPU = Release|Any CPU
	EndGlobalSection
	GlobalSection(ProjectConfigurationPlatforms) = postSolution
		{88417B92-C146-4DD4-8B9E-DDA08297A2A5}.Debug|Any CPU.ActiveCfg = Debug|Any CPU
		{88417B92-C146-4DD4-8B9E-DDA08297A2A5}.Debug|Any CPU.Build.0 = Debug|Any CPU
		{88417B92-C146-4DD4-8B9E-DDA08297A2A5}.Release|Any CPU.ActiveCfg = Release|Any CPU
		{88417B92-C146-4DD4-8B9E-DDA08297A2A5}.Release|Any CPU.Build.0 = Release|Any CPU
		{9B25FBE7-3578-45E7-8CDD-9791DEBF0920}.Debug|Any CPU.ActiveCfg = Debug|Any CPU
		{9B25FBE7-3578-45E7-8CDD-9791DEBF0920}.Debug|Any CPU.Build.0 = Debug|Any CPU
		{9B25FBE7-3578-45E7-8CDD-9791DEBF0920}.Release|Any CPU.ActiveCfg = Release|Any CPU
		{9B25FBE7-3578-45E7-8CDD-9791DEBF0920}.Release|Any CPU.Build.0 = Release|Any CPU
		{24C79F5C-1CB5-4AB2-A0C1-5A3000FD37D7}.Debug|Any CPU.ActiveCfg = Debug|Any CPU
		{24C79F5C-1CB5-4AB2-A0C1-5A3000FD37D7}.Debug|Any CPU.Build.0 = Debug|Any CPU
		{24C79F5C-1CB5-4AB2-A0C1-5A3000FD37D7}.Release|Any CPU.ActiveCfg = Release|Any CPU
		{24C79F5C-1CB5-4AB2-A0C1-5A3000FD37D7}.Release|Any CPU.Build.0 = Release|Any CPU
		{5FFD859C-8CFA-4EC6-A756-437CC222FB1C}.Debug|Any CPU.ActiveCfg = Debug|Any CPU
		{5FFD859C-8CFA-4EC6-A756-437CC222FB1C}.Debug|Any CPU.Build.0 = Debug|Any CPU
		{5FFD859C-8CFA-4EC6-A756-437CC222FB1C}.Release|Any CPU.ActiveCfg = Release|Any CPU
		{5FFD859C-8CFA-4EC6-A756-437CC222FB1C}.Release|Any CPU.Build.0 = Release|Any CPU
		{7DB0B617-F428-4568-AB15-4AAE10A3853A}.Debug|Any CPU.ActiveCfg = Debug|Any CPU
		{7DB0B617-F428-4568-AB15-4AAE10A3853A}.Debug|Any CPU.Build.0 = Debug|Any CPU
		{7DB0B617-F428-4568-AB15-4AAE10A3853A}.Release|Any CPU.ActiveCfg = Release|Any CPU
		{7DB0B617-F428-4568-AB15-4AAE10A3853A}.Release|Any CPU.Build.0 = Release|Any CPU
		{0CF374BE-D8D5-42C3-AC40-808C88C0CE51}.Debug|Any CPU.ActiveCfg = Debug|Any CPU
		{0CF374BE-D8D5-42C3-AC40-808C88C0CE51}.Debug|Any CPU.Build.0 = Debug|Any CPU
		{0CF374BE-D8D5-42C3-AC40-808C88C0CE51}.Release|Any CPU.ActiveCfg = Release|Any CPU
		{0CF374BE-D8D5-42C3-AC40-808C88C0CE51}.Release|Any CPU.Build.0 = Release|Any CPU
	EndGlobalSection
	GlobalSection(SolutionProperties) = preSolution
		HideSolutionNode = FALSE
	EndGlobalSection
	GlobalSection(ExtensibilityGlobals) = postSolution
		SolutionGuid = {FC7E4C5A-B00C-45F6-91F3-F36FF89F3760}
	EndGlobalSection
EndGlobal
